<?xml version="1.0" encoding="utf-8"?>
<Project ToolsVersion="4.0" xmlns="http://schemas.microsoft.com/developer/msbuild/2003">
  <ItemGroup>
    <Filter Include="Headers">
      <UniqueIdentifier>{4b0a624a-610d-4bc6-b311-2b02a781cdf9}</UniqueIdentifier>
    </Filter>
    <Filter Include="Sources">
      <UniqueIdentifier>{96692d2a-8790-41a9-bfac-6c5662d4ad61}</UniqueIdentifier>
    </Filter>
    <Filter Include="Stage">
      <UniqueIdentifier>{c31fda6f-dbe7-48af-bd16-4f6a93ace1b6}</UniqueIdentifier>
    </Filter>
    <Filter Include="Sprites">
      <UniqueIdentifier>{ceb1f4d5-aa73-410e-836f-31028b7ff3c4}</UniqueIdentifier>
    </Filter>
    <Filter Include="RescurTarget">
      <UniqueIdentifier>{b8c7083b-2ffe-4267-8498-458d290f3d6c}</UniqueIdentifier>
    </Filter>
    <Filter Include="PlayerEquipment">
      <UniqueIdentifier>{5922e211-0664-447d-a591-9cfd997026c3}</UniqueIdentifier>
    </Filter>
  </ItemGroup>
  <ItemGroup>
    <ClInclude Include="$(MSBuildThisFileDirectory)Character.h">
      <Filter>Headers</Filter>
    </ClInclude>
    <ClInclude Include="$(MSBuildThisFileDirectory)Player.h">
      <Filter>Headers</Filter>
    </ClInclude>
    <ClInclude Include="$(MSBuildThisFileDirectory)Project.h">
      <Filter>Headers</Filter>
    </ClInclude>
    <ClInclude Include="$(MSBuildThisFileDirectory)ProjectShader.h">
      <Filter>Headers</Filter>
    </ClInclude>
    <ClInclude Include="$(MSBuildThisFileDirectory)Scene.h">
      <Filter>Headers</Filter>
    </ClInclude>
    <ClInclude Include="$(MSBuildThisFileDirectory)ProjectBehavior.h">
      <Filter>Headers</Filter>
    </ClInclude>
    <ClInclude Include="$(MSBuildThisFileDirectory)GameStage.h">
      <Filter>Stage</Filter>
    </ClInclude>
    <ClInclude Include="$(MSBuildThisFileDirectory)LoadStage.h">
      <Filter>Stage</Filter>
    </ClInclude>
    <ClInclude Include="$(MSBuildThisFileDirectory)TitleStage.h">
      <Filter>Stage</Filter>
    </ClInclude>
    <ClInclude Include="$(MSBuildThisFileDirectory)PlayerCamera.h">
      <Filter>Headers</Filter>
    </ClInclude>
    <ClInclude Include="$(MSBuildThisFileDirectory)Sprite.h">
      <Filter>Sprites</Filter>
    </ClInclude>
    <ClInclude Include="$(MSBuildThisFileDirectory)UISprite.h">
      <Filter>Sprites</Filter>
    </ClInclude>
    <ClInclude Include="$(MSBuildThisFileDirectory)RescurTarget.h">
      <Filter>RescurTarget</Filter>
    </ClInclude>
    <ClInclude Include="$(MSBuildThisFileDirectory)Bullet.h">
      <Filter>Headers</Filter>
    </ClInclude>
    <ClInclude Include="$(MSBuildThisFileDirectory)GameEvent.h">
      <Filter>Headers</Filter>
    </ClInclude>
    <ClInclude Include="$(MSBuildThisFileDirectory)UI.h">
      <Filter>Sprites</Filter>
    </ClInclude>
    <ClInclude Include="$(MSBuildThisFileDirectory)StageObject.h">
      <Filter>Stage</Filter>
    </ClInclude>
    <ClInclude Include="$(MSBuildThisFileDirectory)PlayerGrabArea.h">
      <Filter>PlayerEquipment</Filter>
    </ClInclude>
    <ClInclude Include="$(MSBuildThisFileDirectory)PlayerIceaxArea.h">
      <Filter>PlayerEquipment</Filter>
    </ClInclude>
    <ClInclude Include="$(MSBuildThisFileDirectory)GoalObject.h">
      <Filter>Headers</Filter>
    </ClInclude>
  </ItemGroup>
  <ItemGroup>
    <ClCompile Include="$(MSBuildThisFileDirectory)Character.cpp">
      <Filter>Sources</Filter>
    </ClCompile>
    <ClCompile Include="$(MSBuildThisFileDirectory)Player.cpp">
      <Filter>Sources</Filter>
    </ClCompile>
    <ClCompile Include="$(MSBuildThisFileDirectory)ProjectShader.cpp">
      <Filter>Sources</Filter>
    </ClCompile>
    <ClCompile Include="$(MSBuildThisFileDirectory)Scene.cpp">
      <Filter>Sources</Filter>
    </ClCompile>
    <ClCompile Include="$(MSBuildThisFileDirectory)ProjectBehavior.cpp">
      <Filter>Sources</Filter>
    </ClCompile>
    <ClCompile Include="$(MSBuildThisFileDirectory)GameStage.cpp">
      <Filter>Stage</Filter>
    </ClCompile>
    <ClCompile Include="$(MSBuildThisFileDirectory)LoadStage.cpp">
      <Filter>Stage</Filter>
    </ClCompile>
    <ClCompile Include="$(MSBuildThisFileDirectory)TitleStage.cpp">
      <Filter>Stage</Filter>
    </ClCompile>
    <ClCompile Include="$(MSBuildThisFileDirectory)PlayerCamera.cpp">
      <Filter>Sources</Filter>
    </ClCompile>
    <ClCompile Include="$(MSBuildThisFileDirectory)Sprite.cpp">
      <Filter>Sprites</Filter>
    </ClCompile>
    <ClCompile Include="$(MSBuildThisFileDirectory)UISprite.cpp">
      <Filter>Sprites</Filter>
    </ClCompile>
    <ClCompile Include="$(MSBuildThisFileDirectory)RescurTarget.cpp">
      <Filter>RescurTarget</Filter>
    </ClCompile>
    <ClCompile Include="$(MSBuildThisFileDirectory)Bullet.cpp">
      <Filter>Sources</Filter>
    </ClCompile>
    <ClCompile Include="$(MSBuildThisFileDirectory)UI.cpp">
      <Filter>Sprites</Filter>
    </ClCompile>
    <ClCompile Include="$(MSBuildThisFileDirectory)WinMain.cpp">
      <Filter>Stage</Filter>
    </ClCompile>
    <ClCompile Include="$(MSBuildThisFileDirectory)StageObject.cpp">
      <Filter>Stage</Filter>
    </ClCompile>
    <ClCompile Include="$(MSBuildThisFileDirectory)PlayerGrabArea.cpp">
      <Filter>PlayerEquipment</Filter>
    </ClCompile>
    <ClCompile Include="$(MSBuildThisFileDirectory)PlayerIceaxArea.cpp">
      <Filter>PlayerEquipment</Filter>
    </ClCompile>
    <ClCompile Include="$(MSBuildThisFileDirectory)GoalObject.cpp">
      <Filter>Sources</Filter>
    </ClCompile>
  </ItemGroup>
</Project>